
Microsoft Visual Studio Solution File, Format Version 11.00
# Visual Studio 2010
Project("{FAE04EC0-301F-11D3-BF4B-00C04F79EFBC}") = "ForestSaviours", "Assembly-CSharp-firstpass.csproj", "{656EB5DE-7696-075D-4F78-7CEA2783E47E}"
EndProject
Project("{FAE04EC0-301F-11D3-BF4B-00C04F79EFBC}") = "ForestSaviours", "Assembly-CSharp.csproj", "{AA9651E5-2DA8-8850-821F-F89765BD214A}"
EndProject
Project("{FAE04EC0-301F-11D3-BF4B-00C04F79EFBC}") = "ForestSaviours", "Assembly-CSharp-Editor-firstpass.csproj", "{037CB929-7F7E-DE8E-F4BC-021FFE624DA6}"
EndProject
Project("{FAE04EC0-301F-11D3-BF4B-00C04F79EFBC}") = "ForestSaviours", "Assembly-CSharp-Editor.csproj", "{808D556D-0265-8018-B1A9-DAACDD413014}"
EndProject
Global
	GlobalSection(SolutionConfigurationPlatforms) = preSolution
		Debug|Any CPU = Debug|Any CPU
		Release|Any CPU = Release|Any CPU
	EndGlobalSection
	GlobalSection(ProjectConfigurationPlatforms) = postSolution
		{656EB5DE-7696-075D-4F78-7CEA2783E47E}.Debug|Any CPU.ActiveCfg = Debug|Any CPU
		{656EB5DE-7696-075D-4F78-7CEA2783E47E}.Debug|Any CPU.Build.0 = Debug|Any CPU
		{656EB5DE-7696-075D-4F78-7CEA2783E47E}.Release|Any CPU.ActiveCfg = Release|Any CPU
		{656EB5DE-7696-075D-4F78-7CEA2783E47E}.Release|Any CPU.Build.0 = Release|Any CPU
		{AA9651E5-2DA8-8850-821F-F89765BD214A}.Debug|Any CPU.ActiveCfg = Debug|Any CPU
		{AA9651E5-2DA8-8850-821F-F89765BD214A}.Debug|Any CPU.Build.0 = Debug|Any CPU
		{AA9651E5-2DA8-8850-821F-F89765BD214A}.Release|Any CPU.ActiveCfg = Release|Any CPU
		{AA9651E5-2DA8-8850-821F-F89765BD214A}.Release|Any CPU.Build.0 = Release|Any CPU
		{037CB929-7F7E-DE8E-F4BC-021FFE624DA6}.Debug|Any CPU.ActiveCfg = Debug|Any CPU
		{037CB929-7F7E-DE8E-F4BC-021FFE624DA6}.Debug|Any CPU.Build.0 = Debug|Any CPU
		{037CB929-7F7E-DE8E-F4BC-021FFE624DA6}.Release|Any CPU.ActiveCfg = Release|Any CPU
		{037CB929-7F7E-DE8E-F4BC-021FFE624DA6}.Release|Any CPU.Build.0 = Release|Any CPU
		{808D556D-0265-8018-B1A9-DAACDD413014}.Debug|Any CPU.ActiveCfg = Debug|Any CPU
		{808D556D-0265-8018-B1A9-DAACDD413014}.Debug|Any CPU.Build.0 = Debug|Any CPU
		{808D556D-0265-8018-B1A9-DAACDD413014}.Release|Any CPU.ActiveCfg = Release|Any CPU
		{808D556D-0265-8018-B1A9-DAACDD413014}.Release|Any CPU.Build.0 = Release|Any CPU
	EndGlobalSection
	GlobalSection(SolutionProperties) = preSolution
		HideSolutionNode = FALSE
	EndGlobalSection
	GlobalSection(MonoDevelopProperties) = preSolution
		StartupItem = Assembly-CSharp.csproj
	EndGlobalSection
EndGlobal
