
Microsoft Visual Studio Solution File, Format Version 11.00
# Visual Studio 2010
Project("{FAE04EC0-301F-11D3-BF4B-00C04F79EFBC}") = "ForestSavioursProject", "Assembly-CSharp-firstpass.csproj", "{DAFF462D-5EA9-1BC4-8D82-07FB7D27B288}"
EndProject
Project("{FAE04EC0-301F-11D3-BF4B-00C04F79EFBC}") = "ForestSavioursProject", "Assembly-CSharp-Editor-firstpass.csproj", "{CFE8EB2E-527E-4D77-24C8-8BBF2A46D48A}"
EndProject
Global
	GlobalSection(SolutionConfigurationPlatforms) = preSolution
		Debug|Any CPU = Debug|Any CPU
		Release|Any CPU = Release|Any CPU
	EndGlobalSection
	GlobalSection(ProjectConfigurationPlatforms) = postSolution
		{DAFF462D-5EA9-1BC4-8D82-07FB7D27B288}.Debug|Any CPU.ActiveCfg = Debug|Any CPU
		{DAFF462D-5EA9-1BC4-8D82-07FB7D27B288}.Debug|Any CPU.Build.0 = Debug|Any CPU
		{DAFF462D-5EA9-1BC4-8D82-07FB7D27B288}.Release|Any CPU.ActiveCfg = Release|Any CPU
		{DAFF462D-5EA9-1BC4-8D82-07FB7D27B288}.Release|Any CPU.Build.0 = Release|Any CPU
		{CFE8EB2E-527E-4D77-24C8-8BBF2A46D48A}.Debug|Any CPU.ActiveCfg = Debug|Any CPU
		{CFE8EB2E-527E-4D77-24C8-8BBF2A46D48A}.Debug|Any CPU.Build.0 = Debug|Any CPU
		{CFE8EB2E-527E-4D77-24C8-8BBF2A46D48A}.Release|Any CPU.ActiveCfg = Release|Any CPU
		{CFE8EB2E-527E-4D77-24C8-8BBF2A46D48A}.Release|Any CPU.Build.0 = Release|Any CPU
	EndGlobalSection
	GlobalSection(SolutionProperties) = preSolution
		HideSolutionNode = FALSE
	EndGlobalSection
	GlobalSection(MonoDevelopProperties) = preSolution
		StartupItem = Assembly-CSharp.csproj
	EndGlobalSection
EndGlobal
